
Microsoft Visual Studio Solution File, Format Version 12.00
# Visual Studio 15
VisualStudioVersion = 15.0.26430.14
MinimumVisualStudioVersion = 10.0.40219.1
Project("{FAE04EC0-301F-11D3-BF4B-00C04F79EFBC}") = "3. Dec to Bin Stacks", "3. Dec to Bin Stacks\3. Dec to Bin Stacks.csproj", "{F8602316-FD7F-4028-A120-7210B997A1EC}"
EndProject
Global
	GlobalSection(SolutionConfigurationPlatforms) = preSolution
		Debug|Any CPU = Debug|Any CPU
		Release|Any CPU = Release|Any CPU
	EndGlobalSection
	GlobalSection(ProjectConfigurationPlatforms) = postSolution
		{F8602316-FD7F-4028-A120-7210B997A1EC}.Debug|Any CPU.ActiveCfg = Debug|Any CPU
		{F8602316-FD7F-4028-A120-7210B997A1EC}.Debug|Any CPU.Build.0 = Debug|Any CPU
		{F8602316-FD7F-4028-A120-7210B997A1EC}.Release|Any CPU.ActiveCfg = Release|Any CPU
		{F8602316-FD7F-4028-A120-7210B997A1EC}.Release|Any CPU.Build.0 = Release|Any CPU
	EndGlobalSection
	GlobalSection(SolutionProperties) = preSolution
		HideSolutionNode = FALSE
	EndGlobalSection
EndGlobal
