
Microsoft Visual Studio Solution File, Format Version 12.00
# Visual Studio 15
VisualStudioVersion = 15.0.26430.14
MinimumVisualStudioVersion = 10.0.40219.1
Project("{FAE04EC0-301F-11D3-BF4B-00C04F79EFBC}") = "2. Randomize words", "2. Randomize words\2. Randomize words.csproj", "{3C94CDF6-61CC-4317-8EFE-F72DA34047CF}"
EndProject
Global
	GlobalSection(SolutionConfigurationPlatforms) = preSolution
		Debug|Any CPU = Debug|Any CPU
		Release|Any CPU = Release|Any CPU
	EndGlobalSection
	GlobalSection(ProjectConfigurationPlatforms) = postSolution
		{3C94CDF6-61CC-4317-8EFE-F72DA34047CF}.Debug|Any CPU.ActiveCfg = Debug|Any CPU
		{3C94CDF6-61CC-4317-8EFE-F72DA34047CF}.Debug|Any CPU.Build.0 = Debug|Any CPU
		{3C94CDF6-61CC-4317-8EFE-F72DA34047CF}.Release|Any CPU.ActiveCfg = Release|Any CPU
		{3C94CDF6-61CC-4317-8EFE-F72DA34047CF}.Release|Any CPU.Build.0 = Release|Any CPU
	EndGlobalSection
	GlobalSection(SolutionProperties) = preSolution
		HideSolutionNode = FALSE
	EndGlobalSection
EndGlobal
