
Microsoft Visual Studio Solution File, Format Version 12.00
# Visual Studio 15
VisualStudioVersion = 15.0.26430.14
MinimumVisualStudioVersion = 10.0.40219.1
Project("{FAE04EC0-301F-11D3-BF4B-00C04F79EFBC}") = "09. Teamwork projects", "09. Teamwork projects\09. Teamwork projects.csproj", "{CBACF9CE-7245-4B57-B8CF-EC32DC8CCA24}"
EndProject
Global
	GlobalSection(SolutionConfigurationPlatforms) = preSolution
		Debug|Any CPU = Debug|Any CPU
		Release|Any CPU = Release|Any CPU
	EndGlobalSection
	GlobalSection(ProjectConfigurationPlatforms) = postSolution
		{CBACF9CE-7245-4B57-B8CF-EC32DC8CCA24}.Debug|Any CPU.ActiveCfg = Debug|Any CPU
		{CBACF9CE-7245-4B57-B8CF-EC32DC8CCA24}.Debug|Any CPU.Build.0 = Debug|Any CPU
		{CBACF9CE-7245-4B57-B8CF-EC32DC8CCA24}.Release|Any CPU.ActiveCfg = Release|Any CPU
		{CBACF9CE-7245-4B57-B8CF-EC32DC8CCA24}.Release|Any CPU.Build.0 = Release|Any CPU
	EndGlobalSection
	GlobalSection(SolutionProperties) = preSolution
		HideSolutionNode = FALSE
	EndGlobalSection
EndGlobal
