
Microsoft Visual Studio Solution File, Format Version 12.00
# Visual Studio 15
VisualStudioVersion = 15.0.26430.14
MinimumVisualStudioVersion = 10.0.40219.1
Project("{FAE04EC0-301F-11D3-BF4B-00C04F79EFBC}") = "8. Most Frequent Number", "8. Most Frequent Number\8. Most Frequent Number.csproj", "{EDCB5228-9B20-4180-B57C-C6D5E0B3D7FC}"
EndProject
Global
	GlobalSection(SolutionConfigurationPlatforms) = preSolution
		Debug|Any CPU = Debug|Any CPU
		Release|Any CPU = Release|Any CPU
	EndGlobalSection
	GlobalSection(ProjectConfigurationPlatforms) = postSolution
		{EDCB5228-9B20-4180-B57C-C6D5E0B3D7FC}.Debug|Any CPU.ActiveCfg = Debug|Any CPU
		{EDCB5228-9B20-4180-B57C-C6D5E0B3D7FC}.Debug|Any CPU.Build.0 = Debug|Any CPU
		{EDCB5228-9B20-4180-B57C-C6D5E0B3D7FC}.Release|Any CPU.ActiveCfg = Release|Any CPU
		{EDCB5228-9B20-4180-B57C-C6D5E0B3D7FC}.Release|Any CPU.Build.0 = Release|Any CPU
	EndGlobalSection
	GlobalSection(SolutionProperties) = preSolution
		HideSolutionNode = FALSE
	EndGlobalSection
EndGlobal
