
Microsoft Visual Studio Solution File, Format Version 12.00
# Visual Studio 15
VisualStudioVersion = 15.0.26430.14
MinimumVisualStudioVersion = 10.0.40219.1
Project("{FAE04EC0-301F-11D3-BF4B-00C04F79EFBC}") = "5. Closes Points", "5. Closes Points\5. Closes Points.csproj", "{93F62BC7-B160-47BA-8CE4-1858781FDB4E}"
EndProject
Global
	GlobalSection(SolutionConfigurationPlatforms) = preSolution
		Debug|Any CPU = Debug|Any CPU
		Release|Any CPU = Release|Any CPU
	EndGlobalSection
	GlobalSection(ProjectConfigurationPlatforms) = postSolution
		{93F62BC7-B160-47BA-8CE4-1858781FDB4E}.Debug|Any CPU.ActiveCfg = Debug|Any CPU
		{93F62BC7-B160-47BA-8CE4-1858781FDB4E}.Debug|Any CPU.Build.0 = Debug|Any CPU
		{93F62BC7-B160-47BA-8CE4-1858781FDB4E}.Release|Any CPU.ActiveCfg = Release|Any CPU
		{93F62BC7-B160-47BA-8CE4-1858781FDB4E}.Release|Any CPU.Build.0 = Release|Any CPU
	EndGlobalSection
	GlobalSection(SolutionProperties) = preSolution
		HideSolutionNode = FALSE
	EndGlobalSection
EndGlobal
