
Microsoft Visual Studio Solution File, Format Version 12.00
# Visual Studio 15
VisualStudioVersion = 15.0.26430.14
MinimumVisualStudioVersion = 10.0.40219.1
Project("{FAE04EC0-301F-11D3-BF4B-00C04F79EFBC}") = "Numbers_Table", "Numbers_Table\Numbers_Table.csproj", "{DEDF94FA-4DDD-4CC1-991A-405C58F551A2}"
EndProject
Global
	GlobalSection(SolutionConfigurationPlatforms) = preSolution
		Debug|Any CPU = Debug|Any CPU
		Release|Any CPU = Release|Any CPU
	EndGlobalSection
	GlobalSection(ProjectConfigurationPlatforms) = postSolution
		{DEDF94FA-4DDD-4CC1-991A-405C58F551A2}.Debug|Any CPU.ActiveCfg = Debug|Any CPU
		{DEDF94FA-4DDD-4CC1-991A-405C58F551A2}.Debug|Any CPU.Build.0 = Debug|Any CPU
		{DEDF94FA-4DDD-4CC1-991A-405C58F551A2}.Release|Any CPU.ActiveCfg = Release|Any CPU
		{DEDF94FA-4DDD-4CC1-991A-405C58F551A2}.Release|Any CPU.Build.0 = Release|Any CPU
	EndGlobalSection
	GlobalSection(SolutionProperties) = preSolution
		HideSolutionNode = FALSE
	EndGlobalSection
EndGlobal
