
Microsoft Visual Studio Solution File, Format Version 12.00
# Visual Studio 15
VisualStudioVersion = 15.0.26430.14
MinimumVisualStudioVersion = 10.0.40219.1
Project("{FAE04EC0-301F-11D3-BF4B-00C04F79EFBC}") = "09. Extract Middle Elements", "09. Extract Middle Elements\09. Extract Middle Elements.csproj", "{3471A394-1D81-4AE1-A07E-7E844FDB4116}"
EndProject
Global
	GlobalSection(SolutionConfigurationPlatforms) = preSolution
		Debug|Any CPU = Debug|Any CPU
		Release|Any CPU = Release|Any CPU
	EndGlobalSection
	GlobalSection(ProjectConfigurationPlatforms) = postSolution
		{3471A394-1D81-4AE1-A07E-7E844FDB4116}.Debug|Any CPU.ActiveCfg = Debug|Any CPU
		{3471A394-1D81-4AE1-A07E-7E844FDB4116}.Debug|Any CPU.Build.0 = Debug|Any CPU
		{3471A394-1D81-4AE1-A07E-7E844FDB4116}.Release|Any CPU.ActiveCfg = Release|Any CPU
		{3471A394-1D81-4AE1-A07E-7E844FDB4116}.Release|Any CPU.Build.0 = Release|Any CPU
	EndGlobalSection
	GlobalSection(SolutionProperties) = preSolution
		HideSolutionNode = FALSE
	EndGlobalSection
EndGlobal
