
Microsoft Visual Studio Solution File, Format Version 12.00
# Visual Studio 15
VisualStudioVersion = 15.0.26430.14
MinimumVisualStudioVersion = 10.0.40219.1
Project("{FAE04EC0-301F-11D3-BF4B-00C04F79EFBC}") = "05. Book Library", "05. Book Library\05. Book Library.csproj", "{34A856C2-52F5-4C94-974B-0F2E28C31FAD}"
EndProject
Global
	GlobalSection(SolutionConfigurationPlatforms) = preSolution
		Debug|Any CPU = Debug|Any CPU
		Release|Any CPU = Release|Any CPU
	EndGlobalSection
	GlobalSection(ProjectConfigurationPlatforms) = postSolution
		{34A856C2-52F5-4C94-974B-0F2E28C31FAD}.Debug|Any CPU.ActiveCfg = Debug|Any CPU
		{34A856C2-52F5-4C94-974B-0F2E28C31FAD}.Debug|Any CPU.Build.0 = Debug|Any CPU
		{34A856C2-52F5-4C94-974B-0F2E28C31FAD}.Release|Any CPU.ActiveCfg = Release|Any CPU
		{34A856C2-52F5-4C94-974B-0F2E28C31FAD}.Release|Any CPU.Build.0 = Release|Any CPU
	EndGlobalSection
	GlobalSection(SolutionProperties) = preSolution
		HideSolutionNode = FALSE
	EndGlobalSection
EndGlobal
