
Microsoft Visual Studio Solution File, Format Version 12.00
# Visual Studio 15
VisualStudioVersion = 15.0.26430.14
MinimumVisualStudioVersion = 10.0.40219.1
Project("{FAE04EC0-301F-11D3-BF4B-00C04F79EFBC}") = "1. Class Box", "1. Class Box\1. Class Box.csproj", "{2B8895B1-695F-48AF-BB45-51B925C6434B}"
EndProject
Global
	GlobalSection(SolutionConfigurationPlatforms) = preSolution
		Debug|Any CPU = Debug|Any CPU
		Release|Any CPU = Release|Any CPU
	EndGlobalSection
	GlobalSection(ProjectConfigurationPlatforms) = postSolution
		{2B8895B1-695F-48AF-BB45-51B925C6434B}.Debug|Any CPU.ActiveCfg = Debug|Any CPU
		{2B8895B1-695F-48AF-BB45-51B925C6434B}.Debug|Any CPU.Build.0 = Debug|Any CPU
		{2B8895B1-695F-48AF-BB45-51B925C6434B}.Release|Any CPU.ActiveCfg = Release|Any CPU
		{2B8895B1-695F-48AF-BB45-51B925C6434B}.Release|Any CPU.Build.0 = Release|Any CPU
	EndGlobalSection
	GlobalSection(SolutionProperties) = preSolution
		HideSolutionNode = FALSE
	EndGlobalSection
EndGlobal
