
Microsoft Visual Studio Solution File, Format Version 12.00
# Visual Studio 15
VisualStudioVersion = 15.0.26430.14
MinimumVisualStudioVersion = 10.0.40219.1
Project("{FAE04EC0-301F-11D3-BF4B-00C04F79EFBC}") = "4. Count Symbols", "4. Count Symbols\4. Count Symbols.csproj", "{99E813F3-D4BD-48A4-BABB-6F28037E5FA5}"
EndProject
Global
	GlobalSection(SolutionConfigurationPlatforms) = preSolution
		Debug|Any CPU = Debug|Any CPU
		Release|Any CPU = Release|Any CPU
	EndGlobalSection
	GlobalSection(ProjectConfigurationPlatforms) = postSolution
		{99E813F3-D4BD-48A4-BABB-6F28037E5FA5}.Debug|Any CPU.ActiveCfg = Debug|Any CPU
		{99E813F3-D4BD-48A4-BABB-6F28037E5FA5}.Debug|Any CPU.Build.0 = Debug|Any CPU
		{99E813F3-D4BD-48A4-BABB-6F28037E5FA5}.Release|Any CPU.ActiveCfg = Release|Any CPU
		{99E813F3-D4BD-48A4-BABB-6F28037E5FA5}.Release|Any CPU.Build.0 = Release|Any CPU
	EndGlobalSection
	GlobalSection(SolutionProperties) = preSolution
		HideSolutionNode = FALSE
	EndGlobalSection
EndGlobal
