
Microsoft Visual Studio Solution File, Format Version 12.00
# Visual Studio 15
VisualStudioVersion = 15.0.26430.14
MinimumVisualStudioVersion = 10.0.40219.1
Project("{FAE04EC0-301F-11D3-BF4B-00C04F79EFBC}") = "6. Math Patato", "6. Math Patato\6. Math Patato.csproj", "{FC070742-97D2-4243-8460-080F09D56277}"
EndProject
Global
	GlobalSection(SolutionConfigurationPlatforms) = preSolution
		Debug|Any CPU = Debug|Any CPU
		Release|Any CPU = Release|Any CPU
	EndGlobalSection
	GlobalSection(ProjectConfigurationPlatforms) = postSolution
		{FC070742-97D2-4243-8460-080F09D56277}.Debug|Any CPU.ActiveCfg = Debug|Any CPU
		{FC070742-97D2-4243-8460-080F09D56277}.Debug|Any CPU.Build.0 = Debug|Any CPU
		{FC070742-97D2-4243-8460-080F09D56277}.Release|Any CPU.ActiveCfg = Release|Any CPU
		{FC070742-97D2-4243-8460-080F09D56277}.Release|Any CPU.Build.0 = Release|Any CPU
	EndGlobalSection
	GlobalSection(SolutionProperties) = preSolution
		HideSolutionNode = FALSE
	EndGlobalSection
EndGlobal
