
Microsoft Visual Studio Solution File, Format Version 12.00
# Visual Studio 15
VisualStudioVersion = 15.0.26430.14
MinimumVisualStudioVersion = 10.0.40219.1
Project("{FAE04EC0-301F-11D3-BF4B-00C04F79EFBC}") = "9. Stack Fibonacci", "9. Stack Fibonacci\9. Stack Fibonacci.csproj", "{56B5E894-C066-4E91-86D0-139E988A4017}"
EndProject
Global
	GlobalSection(SolutionConfigurationPlatforms) = preSolution
		Debug|Any CPU = Debug|Any CPU
		Release|Any CPU = Release|Any CPU
	EndGlobalSection
	GlobalSection(ProjectConfigurationPlatforms) = postSolution
		{56B5E894-C066-4E91-86D0-139E988A4017}.Debug|Any CPU.ActiveCfg = Debug|Any CPU
		{56B5E894-C066-4E91-86D0-139E988A4017}.Debug|Any CPU.Build.0 = Debug|Any CPU
		{56B5E894-C066-4E91-86D0-139E988A4017}.Release|Any CPU.ActiveCfg = Release|Any CPU
		{56B5E894-C066-4E91-86D0-139E988A4017}.Release|Any CPU.Build.0 = Release|Any CPU
	EndGlobalSection
	GlobalSection(SolutionProperties) = preSolution
		HideSolutionNode = FALSE
	EndGlobalSection
EndGlobal
