
Microsoft Visual Studio Solution File, Format Version 12.00
# Visual Studio 15
VisualStudioVersion = 15.0.26430.14
MinimumVisualStudioVersion = 10.0.40219.1
Project("{FAE04EC0-301F-11D3-BF4B-00C04F79EFBC}") = "17. Print Part Of ASCII Table", "17. Print Part Of ASCII Table\17. Print Part Of ASCII Table.csproj", "{C106298E-FC85-497D-8550-5981F597FEAD}"
EndProject
Global
	GlobalSection(SolutionConfigurationPlatforms) = preSolution
		Debug|Any CPU = Debug|Any CPU
		Release|Any CPU = Release|Any CPU
	EndGlobalSection
	GlobalSection(ProjectConfigurationPlatforms) = postSolution
		{C106298E-FC85-497D-8550-5981F597FEAD}.Debug|Any CPU.ActiveCfg = Debug|Any CPU
		{C106298E-FC85-497D-8550-5981F597FEAD}.Debug|Any CPU.Build.0 = Debug|Any CPU
		{C106298E-FC85-497D-8550-5981F597FEAD}.Release|Any CPU.ActiveCfg = Release|Any CPU
		{C106298E-FC85-497D-8550-5981F597FEAD}.Release|Any CPU.Build.0 = Release|Any CPU
	EndGlobalSection
	GlobalSection(SolutionProperties) = preSolution
		HideSolutionNode = FALSE
	EndGlobalSection
EndGlobal
