
Microsoft Visual Studio Solution File, Format Version 12.00
# Visual Studio 15
VisualStudioVersion = 15.0.26430.14
MinimumVisualStudioVersion = 10.0.40219.1
Project("{FAE04EC0-301F-11D3-BF4B-00C04F79EFBC}") = "III. Endurance Rally", "III. Endurance Rally\III. Endurance Rally.csproj", "{625F7E2D-158B-47C7-BDE3-22A9AFC87BF3}"
EndProject
Global
	GlobalSection(SolutionConfigurationPlatforms) = preSolution
		Debug|Any CPU = Debug|Any CPU
		Release|Any CPU = Release|Any CPU
	EndGlobalSection
	GlobalSection(ProjectConfigurationPlatforms) = postSolution
		{625F7E2D-158B-47C7-BDE3-22A9AFC87BF3}.Debug|Any CPU.ActiveCfg = Debug|Any CPU
		{625F7E2D-158B-47C7-BDE3-22A9AFC87BF3}.Debug|Any CPU.Build.0 = Debug|Any CPU
		{625F7E2D-158B-47C7-BDE3-22A9AFC87BF3}.Release|Any CPU.ActiveCfg = Release|Any CPU
		{625F7E2D-158B-47C7-BDE3-22A9AFC87BF3}.Release|Any CPU.Build.0 = Release|Any CPU
	EndGlobalSection
	GlobalSection(SolutionProperties) = preSolution
		HideSolutionNode = FALSE
	EndGlobalSection
EndGlobal
