
Microsoft Visual Studio Solution File, Format Version 12.00
# Visual Studio 15
VisualStudioVersion = 15.0.26430.14
MinimumVisualStudioVersion = 10.0.40219.1
Project("{FAE04EC0-301F-11D3-BF4B-00C04F79EFBC}") = "02. Max Method", "02. Max Method\02. Max Method.csproj", "{686CE92E-6C5F-4890-92F0-75AF3C0AA3FC}"
EndProject
Global
	GlobalSection(SolutionConfigurationPlatforms) = preSolution
		Debug|Any CPU = Debug|Any CPU
		Release|Any CPU = Release|Any CPU
	EndGlobalSection
	GlobalSection(ProjectConfigurationPlatforms) = postSolution
		{686CE92E-6C5F-4890-92F0-75AF3C0AA3FC}.Debug|Any CPU.ActiveCfg = Debug|Any CPU
		{686CE92E-6C5F-4890-92F0-75AF3C0AA3FC}.Debug|Any CPU.Build.0 = Debug|Any CPU
		{686CE92E-6C5F-4890-92F0-75AF3C0AA3FC}.Release|Any CPU.ActiveCfg = Release|Any CPU
		{686CE92E-6C5F-4890-92F0-75AF3C0AA3FC}.Release|Any CPU.Build.0 = Release|Any CPU
	EndGlobalSection
	GlobalSection(SolutionProperties) = preSolution
		HideSolutionNode = FALSE
	EndGlobalSection
EndGlobal
